// !$*UTF8*$!
{
	archiveVersion = 1;
	classes = {
	};
	objectVersion = 50;
	objects = {

/* Begin PBXBuildFile section */
		02C8BA9B26A746CE0012CF9A /* AppDelegate.swift in Sources */ = {isa = PBXBuildFile; fileRef = 02C8BA9A26A746CE0012CF9A /* AppDelegate.swift */; };
		02C8BA9D26A746CE0012CF9A /* SceneDelegate.swift in Sources */ = {isa = PBXBuildFile; fileRef = 02C8BA9C26A746CE0012CF9A /* SceneDelegate.swift */; };
		02C8BA9F26A746CE0012CF9A /* ViewController.swift in Sources */ = {isa = PBXBuildFile; fileRef = 02C8BA9E26A746CE0012CF9A /* ViewController.swift */; };
		02C8BAA226A746CE0012CF9A /* Main.storyboard in Resources */ = {isa = PBXBuildFile; fileRef = 02C8BAA026A746CE0012CF9A /* Main.storyboard */; };
		02C8BAA526A746CE0012CF9A /* todo_list_ich.xcdatamodeld in Sources */ = {isa = PBXBuildFile; fileRef = 02C8BAA326A746CE0012CF9A /* todo_list_ich.xcdatamodeld */; };
		02C8BAA726A746D10012CF9A /* Assets.xcassets in Resources */ = {isa = PBXBuildFile; fileRef = 02C8BAA626A746D10012CF9A /* Assets.xcassets */; };
		02C8BAAA26A746D10012CF9A /* LaunchScreen.storyboard in Resources */ = {isa = PBXBuildFile; fileRef = 02C8BAA826A746D10012CF9A /* LaunchScreen.storyboard */; };
		02C8BAB526A746D20012CF9A /* todo_list_ichTests.swift in Sources */ = {isa = PBXBuildFile; fileRef = 02C8BAB426A746D20012CF9A /* todo_list_ichTests.swift */; };
		02C8BAC026A746D20012CF9A /* todo_list_ichUITests.swift in Sources */ = {isa = PBXBuildFile; fileRef = 02C8BABF26A746D20012CF9A /* todo_list_ichUITests.swift */; };
/* End PBXBuildFile section */

/* Begin PBXContainerItemProxy section */
		02C8BAB126A746D20012CF9A /* PBXContainerItemProxy */ = {
			isa = PBXContainerItemProxy;
			containerPortal = 02C8BA8F26A746CE0012CF9A /* Project object */;
			proxyType = 1;
			remoteGlobalIDString = 02C8BA9626A746CE0012CF9A;
			remoteInfo = "todo-list-ich";
		};
		02C8BABC26A746D20012CF9A /* PBXContainerItemProxy */ = {
			isa = PBXContainerItemProxy;
			containerPortal = 02C8BA8F26A746CE0012CF9A /* Project object */;
			proxyType = 1;
			remoteGlobalIDString = 02C8BA9626A746CE0012CF9A;
			remoteInfo = "todo-list-ich";
		};
/* End PBXContainerItemProxy section */

/* Begin PBXFileReference section */
		02C8BA9726A746CE0012CF9A /* todo-list-ich.app */ = {isa = PBXFileReference; explicitFileType = wrapper.application; includeInIndex = 0; path = "todo-list-ich.app"; sourceTree = BUILT_PRODUCTS_DIR; };
		02C8BA9A26A746CE0012CF9A /* AppDelegate.swift */ = {isa = PBXFileReference; lastKnownFileType = sourcecode.swift; path = AppDelegate.swift; sourceTree = "<group>"; };
		02C8BA9C26A746CE0012CF9A /* SceneDelegate.swift */ = {isa = PBXFileReference; lastKnownFileType = sourcecode.swift; path = SceneDelegate.swift; sourceTree = "<group>"; };
		02C8BA9E26A746CE0012CF9A /* ViewController.swift */ = {isa = PBXFileReference; lastKnownFileType = sourcecode.swift; path = ViewController.swift; sourceTree = "<group>"; };
		02C8BAA126A746CE0012CF9A /* Base */ = {isa = PBXFileReference; lastKnownFileType = file.storyboard; name = Base; path = Base.lproj/Main.storyboard; sourceTree = "<group>"; };
		02C8BAA426A746CE0012CF9A /* todo_list_ich.xcdatamodel */ = {isa = PBXFileReference; lastKnownFileType = wrapper.xcdatamodel; path = todo_list_ich.xcdatamodel; sourceTree = "<group>"; };
		02C8BAA626A746D10012CF9A /* Assets.xcassets */ = {isa = PBXFileReference; lastKnownFileType = folder.assetcatalog; path = Assets.xcassets; sourceTree = "<group>"; };
		02C8BAA926A746D10012CF9A /* Base */ = {isa = PBXFileReference; lastKnownFileType = file.storyboard; name = Base; path = Base.lproj/LaunchScreen.storyboard; sourceTree = "<group>"; };
		02C8BAAB26A746D10012CF9A /* Info.plist */ = {isa = PBXFileReference; lastKnownFileType = text.plist.xml; path = Info.plist; sourceTree = "<group>"; };
		02C8BAB026A746D20012CF9A /* todo-list-ichTests.xctest */ = {isa = PBXFileReference; explicitFileType = wrapper.cfbundle; includeInIndex = 0; path = "todo-list-ichTests.xctest"; sourceTree = BUILT_PRODUCTS_DIR; };
		02C8BAB426A746D20012CF9A /* todo_list_ichTests.swift */ = {isa = PBXFileReference; lastKnownFileType = sourcecode.swift; path = todo_list_ichTests.swift; sourceTree = "<group>"; };
		02C8BAB626A746D20012CF9A /* Info.plist */ = {isa = PBXFileReference; lastKnownFileType = text.plist.xml; path = Info.plist; sourceTree = "<group>"; };
		02C8BABB26A746D20012CF9A /* todo-list-ichUITests.xctest */ = {isa = PBXFileReference; explicitFileType = wrapper.cfbundle; includeInIndex = 0; path = "todo-list-ichUITests.xctest"; sourceTree = BUILT_PRODUCTS_DIR; };
		02C8BABF26A746D20012CF9A /* todo_list_ichUITests.swift */ = {isa = PBXFileReference; lastKnownFileType = sourcecode.swift; path = todo_list_ichUITests.swift; sourceTree = "<group>"; };
		02C8BAC126A746D20012CF9A /* Info.plist */ = {isa = PBXFileReference; lastKnownFileType = text.plist.xml; path = Info.plist; sourceTree = "<group>"; };
/* End PBXFileReference section */

/* Begin PBXFrameworksBuildPhase section */
		02C8BA9426A746CE0012CF9A /* Frameworks */ = {
			isa = PBXFrameworksBuildPhase;
			buildActionMask = 2147483647;
			files = (
			);
			runOnlyForDeploymentPostprocessing = 0;
		};
		02C8BAAD26A746D20012CF9A /* Frameworks */ = {
			isa = PBXFrameworksBuildPhase;
			buildActionMask = 2147483647;
			files = (
			);
			runOnlyForDeploymentPostprocessing = 0;
		};
		02C8BAB826A746D20012CF9A /* Frameworks */ = {
			isa = PBXFrameworksBuildPhase;
			buildActionMask = 2147483647;
			files = (
			);
			runOnlyForDeploymentPostprocessing = 0;
		};
/* End PBXFrameworksBuildPhase section */

/* Begin PBXGroup section */
		02C8BA8E26A746CE0012CF9A = {
			isa = PBXGroup;
			children = (
				02C8BA9926A746CE0012CF9A /* todo-list-ich */,
				02C8BAB326A746D20012CF9A /* todo-list-ichTests */,
				02C8BABE26A746D20012CF9A /* todo-list-ichUITests */,
				02C8BA9826A746CE0012CF9A /* Products */,
			);
			sourceTree = "<group>";
		};
		02C8BA9826A746CE0012CF9A /* Products */ = {
			isa = PBXGroup;
			children = (
				02C8BA9726A746CE0012CF9A /* todo-list-ich.app */,
				02C8BAB026A746D20012CF9A /* todo-list-ichTests.xctest */,
				02C8BABB26A746D20012CF9A /* todo-list-ichUITests.xctest */,
			);
			name = Products;
			sourceTree = "<group>";
		};
		02C8BA9926A746CE0012CF9A /* todo-list-ich */ = {
			isa = PBXGroup;
			children = (
				02C8BA9A26A746CE0012CF9A /* AppDelegate.swift */,
				02C8BA9C26A746CE0012CF9A /* SceneDelegate.swift */,
				02C8BA9E26A746CE0012CF9A /* ViewController.swift */,
				02C8BAA026A746CE0012CF9A /* Main.storyboard */,
				02C8BAA626A746D10012CF9A /* Assets.xcassets */,
				02C8BAA826A746D10012CF9A /* LaunchScreen.storyboard */,
				02C8BAAB26A746D10012CF9A /* Info.plist */,
				02C8BAA326A746CE0012CF9A /* todo_list_ich.xcdatamodeld */,
			);
			path = "todo-list-ich";
			sourceTree = "<group>";
		};
		02C8BAB326A746D20012CF9A /* todo-list-ichTests */ = {
			isa = PBXGroup;
			children = (
				02C8BAB426A746D20012CF9A /* todo_list_ichTests.swift */,
				02C8BAB626A746D20012CF9A /* Info.plist */,
			);
			path = "todo-list-ichTests";
			sourceTree = "<group>";
		};
		02C8BABE26A746D20012CF9A /* todo-list-ichUITests */ = {
			isa = PBXGroup;
			children = (
				02C8BABF26A746D20012CF9A /* todo_list_ichUITests.swift */,
				02C8BAC126A746D20012CF9A /* Info.plist */,
			);
			path = "todo-list-ichUITests";
			sourceTree = "<group>";
		};
/* End PBXGroup section */

/* Begin PBXNativeTarget section */
		02C8BA9626A746CE0012CF9A /* todo-list-ich */ = {
			isa = PBXNativeTarget;
			buildConfigurationList = 02C8BAC426A746D20012CF9A /* Build configuration list for PBXNativeTarget "todo-list-ich" */;
			buildPhases = (
				02C8BA9326A746CE0012CF9A /* Sources */,
				02C8BA9426A746CE0012CF9A /* Frameworks */,
				02C8BA9526A746CE0012CF9A /* Resources */,
			);
			buildRules = (
			);
			dependencies = (
			);
			name = "todo-list-ich";
			productName = "todo-list-ich";
			productReference = 02C8BA9726A746CE0012CF9A /* todo-list-ich.app */;
			productType = "com.apple.product-type.application";
		};
		02C8BAAF26A746D20012CF9A /* todo-list-ichTests */ = {
			isa = PBXNativeTarget;
			buildConfigurationList = 02C8BAC726A746D20012CF9A /* Build configuration list for PBXNativeTarget "todo-list-ichTests" */;
			buildPhases = (
				02C8BAAC26A746D20012CF9A /* Sources */,
				02C8BAAD26A746D20012CF9A /* Frameworks */,
				02C8BAAE26A746D20012CF9A /* Resources */,
			);
			buildRules = (
			);
			dependencies = (
				02C8BAB226A746D20012CF9A /* PBXTargetDependency */,
			);
			name = "todo-list-ichTests";
			productName = "todo-list-ichTests";
			productReference = 02C8BAB026A746D20012CF9A /* todo-list-ichTests.xctest */;
			productType = "com.apple.product-type.bundle.unit-test";
		};
		02C8BABA26A746D20012CF9A /* todo-list-ichUITests */ = {
			isa = PBXNativeTarget;
			buildConfigurationList = 02C8BACA26A746D20012CF9A /* Build configuration list for PBXNativeTarget "todo-list-ichUITests" */;
			buildPhases = (
				02C8BAB726A746D20012CF9A /* Sources */,
				02C8BAB826A746D20012CF9A /* Frameworks */,
				02C8BAB926A746D20012CF9A /* Resources */,
			);
			buildRules = (
			);
			dependencies = (
				02C8BABD26A746D20012CF9A /* PBXTargetDependency */,
			);
			name = "todo-list-ichUITests";
			productName = "todo-list-ichUITests";
			productReference = 02C8BABB26A746D20012CF9A /* todo-list-ichUITests.xctest */;
			productType = "com.apple.product-type.bundle.ui-testing";
		};
/* End PBXNativeTarget section */

/* Begin PBXProject section */
		02C8BA8F26A746CE0012CF9A /* Project object */ = {
			isa = PBXProject;
			attributes = {
				LastSwiftUpdateCheck = 1130;
				LastUpgradeCheck = 1130;
				ORGANIZATIONNAME = "Ingrid Hoffert";
				TargetAttributes = {
					02C8BA9626A746CE0012CF9A = {
						CreatedOnToolsVersion = 11.3.1;
					};
					02C8BAAF26A746D20012CF9A = {
						CreatedOnToolsVersion = 11.3.1;
						TestTargetID = 02C8BA9626A746CE0012CF9A;
					};
					02C8BABA26A746D20012CF9A = {
						CreatedOnToolsVersion = 11.3.1;
						TestTargetID = 02C8BA9626A746CE0012CF9A;
					};
				};
			};
			buildConfigurationList = 02C8BA9226A746CE0012CF9A /* Build configuration list for PBXProject "todo-list-ich" */;
			compatibilityVersion = "Xcode 9.3";
			developmentRegion = en;
			hasScannedForEncodings = 0;
			knownRegions = (
				en,
				Base,
			);
			mainGroup = 02C8BA8E26A746CE0012CF9A;
			productRefGroup = 02C8BA9826A746CE0012CF9A /* Products */;
			projectDirPath = "";
			projectRoot = "";
			targets = (
				02C8BA9626A746CE0012CF9A /* todo-list-ich */,
				02C8BAAF26A746D20012CF9A /* todo-list-ichTests */,
				02C8BABA26A746D20012CF9A /* todo-list-ichUITests */,
			);
		};
/* End PBXProject section */

/* Begin PBXResourcesBuildPhase section */
		02C8BA9526A746CE0012CF9A /* Resources */ = {
			isa = PBXResourcesBuildPhase;
			buildActionMask = 2147483647;
			files = (
				02C8BAAA26A746D10012CF9A /* LaunchScreen.storyboard in Resources */,
				02C8BAA726A746D10012CF9A /* Assets.xcassets in Resources */,
				02C8BAA226A746CE0012CF9A /* Main.storyboard in Resources */,
			);
			runOnlyForDeploymentPostprocessing = 0;
		};
		02C8BAAE26A746D20012CF9A /* Resources */ = {
			isa = PBXResourcesBuildPhase;
			buildActionMask = 2147483647;
			files = (
			);
			runOnlyForDeploymentPostprocessing = 0;
		};
		02C8BAB926A746D20012CF9A /* Resources */ = {
			isa = PBXResourcesBuildPhase;
			buildActionMask = 2147483647;
			files = (
			);
			runOnlyForDeploymentPostprocessing = 0;
		};
/* End PBXResourcesBuildPhase section */

/* Begin PBXSourcesBuildPhase section */
		02C8BA9326A746CE0012CF9A /* Sources */ = {
			isa = PBXSourcesBuildPhase;
			buildActionMask = 2147483647;
			files = (
				02C8BA9F26A746CE0012CF9A /* ViewController.swift in Sources */,
				02C8BA9B26A746CE0012CF9A /* AppDelegate.swift in Sources */,
				02C8BAA526A746CE0012CF9A /* todo_list_ich.xcdatamodeld in Sources */,
				02C8BA9D26A746CE0012CF9A /* SceneDelegate.swift in Sources */,
			);
			runOnlyForDeploymentPostprocessing = 0;
		};
		02C8BAAC26A746D20012CF9A /* Sources */ = {
			isa = PBXSourcesBuildPhase;
			buildActionMask = 2147483647;
			files = (
				02C8BAB526A746D20012CF9A /* todo_list_ichTests.swift in Sources */,
			);
			runOnlyForDeploymentPostprocessing = 0;
		};
		02C8BAB726A746D20012CF9A /* Sources */ = {
			isa = PBXSourcesBuildPhase;
			buildActionMask = 2147483647;
			files = (
				02C8BAC026A746D20012CF9A /* todo_list_ichUITests.swift in Sources */,
			);
			runOnlyForDeploymentPostprocessing = 0;
		};
/* End PBXSourcesBuildPhase section */

/* Begin PBXTargetDependency section */
		02C8BAB226A746D20012CF9A /* PBXTargetDependency */ = {
			isa = PBXTargetDependency;
			target = 02C8BA9626A746CE0012CF9A /* todo-list-ich */;
			targetProxy = 02C8BAB126A746D20012CF9A /* PBXContainerItemProxy */;
		};
		02C8BABD26A746D20012CF9A /* PBXTargetDependency */ = {
			isa = PBXTargetDependency;
			target = 02C8BA9626A746CE0012CF9A /* todo-list-ich */;
			targetProxy = 02C8BABC26A746D20012CF9A /* PBXContainerItemProxy */;
		};
/* End PBXTargetDependency section */

/* Begin PBXVariantGroup section */
		02C8BAA026A746CE0012CF9A /* Main.storyboard */ = {
			isa = PBXVariantGroup;
			children = (
				02C8BAA126A746CE0012CF9A /* Base */,
			);
			name = Main.storyboard;
			sourceTree = "<group>";
		};
		02C8BAA826A746D10012CF9A /* LaunchScreen.storyboard */ = {
			isa = PBXVariantGroup;
			children = (
				02C8BAA926A746D10012CF9A /* Base */,
			);
			name = LaunchScreen.storyboard;
			sourceTree = "<group>";
		};
/* End PBXVariantGroup section */

/* Begin XCBuildConfiguration section */
		02C8BAC226A746D20012CF9A /* Debug */ = {
			isa = XCBuildConfiguration;
			buildSettings = {
				ALWAYS_SEARCH_USER_PATHS = NO;
				CLANG_ANALYZER_NONNULL = YES;
				CLANG_ANALYZER_NUMBER_OBJECT_CONVERSION = YES_AGGRESSIVE;
				CLANG_CXX_LANGUAGE_STANDARD = "gnu++14";
				CLANG_CXX_LIBRARY = "libc++";
				CLANG_ENABLE_MODULES = YES;
				CLANG_ENABLE_OBJC_ARC = YES;
				CLANG_ENABLE_OBJC_WEAK = YES;
				CLANG_WARN_BLOCK_CAPTURE_AUTORELEASING = YES;
				CLANG_WARN_BOOL_CONVERSION = YES;
				CLANG_WARN_COMMA = YES;
				CLANG_WARN_CONSTANT_CONVERSION = YES;
				CLANG_WARN_DEPRECATED_OBJC_IMPLEMENTATIONS = YES;
				CLANG_WARN_DIRECT_OBJC_ISA_USAGE = YES_ERROR;
				CLANG_WARN_DOCUMENTATION_COMMENTS = YES;
				CLANG_WARN_EMPTY_BODY = YES;
				CLANG_WARN_ENUM_CONVERSION = YES;
				CLANG_WARN_INFINITE_RECURSION = YES;
				CLANG_WARN_INT_CONVERSION = YES;
				CLANG_WARN_NON_LITERAL_NULL_CONVERSION = YES;
				CLANG_WARN_OBJC_IMPLICIT_RETAIN_SELF = YES;
				CLANG_WARN_OBJC_LITERAL_CONVERSION = YES;
				CLANG_WARN_OBJC_ROOT_CLASS = YES_ERROR;
				CLANG_WARN_RANGE_LOOP_ANALYSIS = YES;
				CLANG_WARN_STRICT_PROTOTYPES = YES;
				CLANG_WARN_SUSPICIOUS_MOVE = YES;
				CLANG_WARN_UNGUARDED_AVAILABILITY = YES_AGGRESSIVE;
				CLANG_WARN_UNREACHABLE_CODE = YES;
				CLANG_WARN__DUPLICATE_METHOD_MATCH = YES;
				COPY_PHASE_STRIP = NO;
				DEBUG_INFORMATION_FORMAT = dwarf;
				ENABLE_STRICT_OBJC_MSGSEND = YES;
				ENABLE_TESTABILITY = YES;
				GCC_C_LANGUAGE_STANDARD = gnu11;
				GCC_DYNAMIC_NO_PIC = NO;
				GCC_NO_COMMON_BLOCKS = YES;
				GCC_OPTIMIZATION_LEVEL = 0;
				GCC_PREPROCESSOR_DEFINITIONS = (
					"DEBUG=1",
					"$(inherited)",
				);
				GCC_WARN_64_TO_32_BIT_CONVERSION = YES;
				GCC_WARN_ABOUT_RETURN_TYPE = YES_ERROR;
				GCC_WARN_UNDECLARED_SELECTOR = YES;
				GCC_WARN_UNINITIALIZED_AUTOS = YES_AGGRESSIVE;
				GCC_WARN_UNUSED_FUNCTION = YES;
				GCC_WARN_UNUSED_VARIABLE = YES;
				IPHONEOS_DEPLOYMENT_TARGET = 13.2;
				MTL_ENABLE_DEBUG_INFO = INCLUDE_SOURCE;
				MTL_FAST_MATH = YES;
				ONLY_ACTIVE_ARCH = YES;
				SDKROOT = iphoneos;
				SWIFT_ACTIVE_COMPILATION_CONDITIONS = DEBUG;
				SWIFT_OPTIMIZATION_LEVEL = "-Onone";
			};
			name = Debug;
		};
		02C8BAC326A746D20012CF9A /* Release */ = {
			isa = XCBuildConfiguration;
			buildSettings = {
				ALWAYS_SEARCH_USER_PATHS = NO;
				CLANG_ANALYZER_NONNULL = YES;
				CLANG_ANALYZER_NUMBER_OBJECT_CONVERSION = YES_AGGRESSIVE;
				CLANG_CXX_LANGUAGE_STANDARD = "gnu++14";
				CLANG_CXX_LIBRARY = "libc++";
				CLANG_ENABLE_MODULES = YES;
				CLANG_ENABLE_OBJC_ARC = YES;
				CLANG_ENABLE_OBJC_WEAK = YES;
				CLANG_WARN_BLOCK_CAPTURE_AUTORELEASING = YES;
				CLANG_WARN_BOOL_CONVERSION = YES;
				CLANG_WARN_COMMA = YES;
				CLANG_WARN_CONSTANT_CONVERSION = YES;
				CLANG_WARN_DEPRECATED_OBJC_IMPLEMENTATIONS = YES;
				CLANG_WARN_DIRECT_OBJC_ISA_USAGE = YES_ERROR;
				CLANG_WARN_DOCUMENTATION_COMMENTS = YES;
				CLANG_WARN_EMPTY_BODY = YES;
				CLANG_WARN_ENUM_CONVERSION = YES;
				CLANG_WARN_INFINITE_RECURSION = YES;
				CLANG_WARN_INT_CONVERSION = YES;
				CLANG_WARN_NON_LITERAL_NULL_CONVERSION = YES;
				CLANG_WARN_OBJC_IMPLICIT_RETAIN_SELF = YES;
				CLANG_WARN_OBJC_LITERAL_CONVERSION = YES;
				CLANG_WARN_OBJC_ROOT_CLASS = YES_ERROR;
				CLANG_WARN_RANGE_LOOP_ANALYSIS = YES;
				CLANG_WARN_STRICT_PROTOTYPES = YES;
				CLANG_WARN_SUSPICIOUS_MOVE = YES;
				CLANG_WARN_UNGUARDED_AVAILABILITY = YES_AGGRESSIVE;
				CLANG_WARN_UNREACHABLE_CODE = YES;
				CLANG_WARN__DUPLICATE_METHOD_MATCH = YES;
				COPY_PHASE_STRIP = NO;
				DEBUG_INFORMATION_FORMAT = "dwarf-with-dsym";
				ENABLE_NS_ASSERTIONS = NO;
				ENABLE_STRICT_OBJC_MSGSEND = YES;
				GCC_C_LANGUAGE_STANDARD = gnu11;
				GCC_NO_COMMON_BLOCKS = YES;
				GCC_WARN_64_TO_32_BIT_CONVERSION = YES;
				GCC_WARN_ABOUT_RETURN_TYPE = YES_ERROR;
				GCC_WARN_UNDECLARED_SELECTOR = YES;
				GCC_WARN_UNINITIALIZED_AUTOS = YES_AGGRESSIVE;
				GCC_WARN_UNUSED_FUNCTION = YES;
				GCC_WARN_UNUSED_VARIABLE = YES;
				IPHONEOS_DEPLOYMENT_TARGET = 13.2;
				MTL_ENABLE_DEBUG_INFO = NO;
				MTL_FAST_MATH = YES;
				SDKROOT = iphoneos;
				SWIFT_COMPILATION_MODE = wholemodule;
				SWIFT_OPTIMIZATION_LEVEL = "-O";
				VALIDATE_PRODUCT = YES;
			};
			name = Release;
		};
		02C8BAC526A746D20012CF9A /* Debug */ = {
			isa = XCBuildConfiguration;
			buildSettings = {
				ASSETCATALOG_COMPILER_APPICON_NAME = AppIcon;
				CODE_SIGN_STYLE = Automatic;
				DEVELOPMENT_TEAM = 92YCNP8A86;
				INFOPLIST_FILE = "todo-list-ich/Info.plist";
				LD_RUNPATH_SEARCH_PATHS = (
					"$(inherited)",
					"@executable_path/Frameworks",
				);
				PRODUCT_BUNDLE_IDENTIFIER = "ich-kwk.todo-list-ich";
				PRODUCT_NAME = "$(TARGET_NAME)";
				SWIFT_VERSION = 5.0;
				TARGETED_DEVICE_FAMILY = "1,2";
			};
			name = Debug;
		};
		02C8BAC626A746D20012CF9A /* Release */ = {
			isa = XCBuildConfiguration;
			buildSettings = {
				ASSETCATALOG_COMPILER_APPICON_NAME = AppIcon;
				CODE_SIGN_STYLE = Automatic;
				DEVELOPMENT_TEAM = 92YCNP8A86;
				INFOPLIST_FILE = "todo-list-ich/Info.plist";
				LD_RUNPATH_SEARCH_PATHS = (
					"$(inherited)",
					"@executable_path/Frameworks",
				);
				PRODUCT_BUNDLE_IDENTIFIER = "ich-kwk.todo-list-ich";
				PRODUCT_NAME = "$(TARGET_NAME)";
				SWIFT_VERSION = 5.0;
				TARGETED_DEVICE_FAMILY = "1,2";
			};
			name = Release;
		};
		02C8BAC826A746D20012CF9A /* Debug */ = {
			isa = XCBuildConfiguration;
			buildSettings = {
				ALWAYS_EMBED_SWIFT_STANDARD_LIBRARIES = YES;
				BUNDLE_LOADER = "$(TEST_HOST)";
				CODE_SIGN_STYLE = Automatic;
				DEVELOPMENT_TEAM = 92YCNP8A86;
				INFOPLIST_FILE = "todo-list-ichTests/Info.plist";
				IPHONEOS_DEPLOYMENT_TARGET = 13.2;
				LD_RUNPATH_SEARCH_PATHS = (
					"$(inherited)",
					"@executable_path/Frameworks",
					"@loader_path/Frameworks",
				);
				PRODUCT_BUNDLE_IDENTIFIER = "ich-kwk.todo-list-ichTests";
				PRODUCT_NAME = "$(TARGET_NAME)";
				SWIFT_VERSION = 5.0;
				TARGETED_DEVICE_FAMILY = "1,2";
				TEST_HOST = "$(BUILT_PRODUCTS_DIR)/todo-list-ich.app/todo-list-ich";
			};
			name = Debug;
		};
		02C8BAC926A746D20012CF9A /* Release */ = {
			isa = XCBuildConfiguration;
			buildSettings = {
				ALWAYS_EMBED_SWIFT_STANDARD_LIBRARIES = YES;
				BUNDLE_LOADER = "$(TEST_HOST)";
				CODE_SIGN_STYLE = Automatic;
				DEVELOPMENT_TEAM = 92YCNP8A86;
				INFOPLIST_FILE = "todo-list-ichTests/Info.plist";
				IPHONEOS_DEPLOYMENT_TARGET = 13.2;
				LD_RUNPATH_SEARCH_PATHS = (
					"$(inherited)",
					"@executable_path/Frameworks",
					"@loader_path/Frameworks",
				);
				PRODUCT_BUNDLE_IDENTIFIER = "ich-kwk.todo-list-ichTests";
				PRODUCT_NAME = "$(TARGET_NAME)";
				SWIFT_VERSION = 5.0;
				TARGETED_DEVICE_FAMILY = "1,2";
				TEST_HOST = "$(BUILT_PRODUCTS_DIR)/todo-list-ich.app/todo-list-ich";
			};
			name = Release;
		};
		02C8BACB26A746D20012CF9A /* Debug */ = {
			isa = XCBuildConfiguration;
			buildSettings = {
				ALWAYS_EMBED_SWIFT_STANDARD_LIBRARIES = YES;
				CODE_SIGN_STYLE = Automatic;
				DEVELOPMENT_TEAM = 92YCNP8A86;
				INFOPLIST_FILE = "todo-list-ichUITests/Info.plist";
				LD_RUNPATH_SEARCH_PATHS = (
					"$(inherited)",
					"@executable_path/Frameworks",
					"@loader_path/Frameworks",
				);
				PRODUCT_BUNDLE_IDENTIFIER = "ich-kwk.todo-list-ichUITests";
				PRODUCT_NAME = "$(TARGET_NAME)";
				SWIFT_VERSION = 5.0;
				TARGETED_DEVICE_FAMILY = "1,2";
				TEST_TARGET_NAME = "todo-list-ich";
			};
			name = Debug;
		};
		02C8BACC26A746D20012CF9A /* Release */ = {
			isa = XCBuildConfiguration;
			buildSettings = {
				ALWAYS_EMBED_SWIFT_STANDARD_LIBRARIES = YES;
				CODE_SIGN_STYLE = Automatic;
				DEVELOPMENT_TEAM = 92YCNP8A86;
				INFOPLIST_FILE = "todo-list-ichUITests/Info.plist";
				LD_RUNPATH_SEARCH_PATHS = (
					"$(inherited)",
					"@executable_path/Frameworks",
					"@loader_path/Frameworks",
				);
				PRODUCT_BUNDLE_IDENTIFIER = "ich-kwk.todo-list-ichUITests";
				PRODUCT_NAME = "$(TARGET_NAME)";
				SWIFT_VERSION = 5.0;
				TARGETED_DEVICE_FAMILY = "1,2";
				TEST_TARGET_NAME = "todo-list-ich";
			};
			name = Release;
		};
/* End XCBuildConfiguration section */

/* Begin XCConfigurationList section */
		02C8BA9226A746CE0012CF9A /* Build configuration list for PBXProject "todo-list-ich" */ = {
			isa = XCConfigurationList;
			buildConfigurations = (
				02C8BAC226A746D20012CF9A /* Debug */,
				02C8BAC326A746D20012CF9A /* Release */,
			);
			defaultConfigurationIsVisible = 0;
			defaultConfigurationName = Release;
		};
		02C8BAC426A746D20012CF9A /* Build configuration list for PBXNativeTarget "todo-list-ich" */ = {
			isa = XCConfigurationList;
			buildConfigurations = (
				02C8BAC526A746D20012CF9A /* Debug */,
				02C8BAC626A746D20012CF9A /* Release */,
			);
			defaultConfigurationIsVisible = 0;
			defaultConfigurationName = Release;
		};
		02C8BAC726A746D20012CF9A /* Build configuration list for PBXNativeTarget "todo-list-ichTests" */ = {
			isa = XCConfigurationList;
			buildConfigurations = (
				02C8BAC826A746D20012CF9A /* Debug */,
				02C8BAC926A746D20012CF9A /* Release */,
			);
			defaultConfigurationIsVisible = 0;
			defaultConfigurationName = Release;
		};
		02C8BACA26A746D20012CF9A /* Build configuration list for PBXNativeTarget "todo-list-ichUITests" */ = {
			isa = XCConfigurationList;
			buildConfigurations = (
				02C8BACB26A746D20012CF9A /* Debug */,
				02C8BACC26A746D20012CF9A /* Release */,
			);
			defaultConfigurationIsVisible = 0;
			defaultConfigurationName = Release;
		};
/* End XCConfigurationList section */

/* Begin XCVersionGroup section */
		02C8BAA326A746CE0012CF9A /* todo_list_ich.xcdatamodeld */ = {
			isa = XCVersionGroup;
			children = (
				02C8BAA426A746CE0012CF9A /* todo_list_ich.xcdatamodel */,
			);
			currentVersion = 02C8BAA426A746CE0012CF9A /* todo_list_ich.xcdatamodel */;
			path = todo_list_ich.xcdatamodeld;
			sourceTree = "<group>";
			versionGroupType = wrapper.xcdatamodel;
		};
/* End XCVersionGroup section */
	};
	rootObject = 02C8BA8F26A746CE0012CF9A /* Project object */;
}
